
Microsoft Visual Studio Solution File, Format Version 12.00
# Visual Studio Version 17
VisualStudioVersion = 17.0.31903.59
MinimumVisualStudioVersion = 10.0.40219.1
Project("{FAE04EC0-301F-11D3-BF4B-00C04F79EFBC}") = "Settings.API", "services\Settings\Settings.API\Settings.API.csproj", "{D4E5F6A7-B8C9-7D8E-1F2A-3B4C5D6E7F8A}"
EndProject
Project("{FAE04EC0-301F-11D3-BF4B-00C04F79EFBC}") = "Frontend.Web", "frontend\Web\Frontend.Web.csproj", "{26E4F1C1-C3CD-D706-3B4E-BF9DA346E7A2}"
EndProject
Project("{FAE04EC0-301F-11D3-BF4B-00C04F79EFBC}") = "Clients.API", "services\Clients\Clients.API\Clients.API.csproj", "{CA7A5877-4FBB-AD90-1C2C-0ADF5E8A9CDC}"
EndProject
Project("{FAE04EC0-301F-11D3-BF4B-00C04F79EFBC}") = "Carrier.API", "services\Carrier\Carrier.API\Carrier.API.csproj", "{12E2B067-0C6C-ABD2-3B9B-BBAA06831973}"
EndProject
Project("{FAE04EC0-301F-11D3-BF4B-00C04F79EFBC}") = "General.API", "services\General\General.API\General.API.csproj", "{12140A84-1AC6-26F1-B404-6E2E74035344}"
EndProject
Project("{FAE04EC0-301F-11D3-BF4B-00C04F79EFBC}") = "Request.API", "services\Request\Request.API\Request.API.csproj", "{8CABFBE9-1742-7B45-FC5D-43BE32063B18}"
EndProject
Project("{FAE04EC0-301F-11D3-BF4B-00C04F79EFBC}") = "Quotes.API", "services\Quotes\Quotes.API\Quotes.API.csproj", "{471048E1-CE7F-6CFF-9C87-7E809AB71456}"
EndProject
Project("{FAE04EC0-301F-11D3-BF4B-00C04F79EFBC}") = "Accounting.API", "services\Accounting\Accounting.API\Accounting.API.csproj", "{AC1AC2AC-3AC4-4AC5-AC6A-C7AC8AC9AC0A}"
EndProject
Project("{FAE04EC0-301F-11D3-BF4B-00C04F79EFBC}") = "Operation.API", "services\Operation\Operation.API\Operation.API.csproj", "{8F8F8F8F-8888-8888-8888-888888888881}"
EndProject
Project("{2150E333-8FDC-42A3-9474-1A3956D46DE8}") = "shared", "shared", "{4F52FD11-658E-A102-6CD3-7D7C16FFA15B}"
EndProject
Project("{FAE04EC0-301F-11D3-BF4B-00C04F79EFBC}") = "AzShipping.ApiSecurity", "shared\AzShipping.ApiSecurity\AzShipping.ApiSecurity.csproj", "{24EDB3CA-D87F-448D-A688-04F6D9F34492}"
EndProject
Global
	GlobalSection(SolutionConfigurationPlatforms) = preSolution
		Debug|Any CPU = Debug|Any CPU
		Debug|x64 = Debug|x64
		Debug|x86 = Debug|x86
		Release|Any CPU = Release|Any CPU
		Release|x64 = Release|x64
		Release|x86 = Release|x86
	EndGlobalSection
	GlobalSection(ProjectConfigurationPlatforms) = postSolution
		{D4E5F6A7-B8C9-7D8E-1F2A-3B4C5D6E7F8A}.Debug|Any CPU.ActiveCfg = Debug|Any CPU
		{D4E5F6A7-B8C9-7D8E-1F2A-3B4C5D6E7F8A}.Debug|Any CPU.Build.0 = Debug|Any CPU
		{D4E5F6A7-B8C9-7D8E-1F2A-3B4C5D6E7F8A}.Debug|x64.ActiveCfg = Debug|Any CPU
		{D4E5F6A7-B8C9-7D8E-1F2A-3B4C5D6E7F8A}.Debug|x64.Build.0 = Debug|Any CPU
		{D4E5F6A7-B8C9-7D8E-1F2A-3B4C5D6E7F8A}.Debug|x86.ActiveCfg = Debug|Any CPU
		{D4E5F6A7-B8C9-7D8E-1F2A-3B4C5D6E7F8A}.Debug|x86.Build.0 = Debug|Any CPU
		{D4E5F6A7-B8C9-7D8E-1F2A-3B4C5D6E7F8A}.Release|Any CPU.ActiveCfg = Release|Any CPU
		{D4E5F6A7-B8C9-7D8E-1F2A-3B4C5D6E7F8A}.Release|Any CPU.Build.0 = Release|Any CPU
		{D4E5F6A7-B8C9-7D8E-1F2A-3B4C5D6E7F8A}.Release|x64.ActiveCfg = Release|Any CPU
		{D4E5F6A7-B8C9-7D8E-1F2A-3B4C5D6E7F8A}.Release|x64.Build.0 = Release|Any CPU
		{D4E5F6A7-B8C9-7D8E-1F2A-3B4C5D6E7F8A}.Release|x86.ActiveCfg = Release|Any CPU
		{D4E5F6A7-B8C9-7D8E-1F2A-3B4C5D6E7F8A}.Release|x86.Build.0 = Release|Any CPU
		{26E4F1C1-C3CD-D706-3B4E-BF9DA346E7A2}.Debug|x64.ActiveCfg = Debug|Any CPU
		{26E4F1C1-C3CD-D706-3B4E-BF9DA346E7A2}.Debug|x64.Build.0 = Debug|Any CPU
		{26E4F1C1-C3CD-D706-3B4E-BF9DA346E7A2}.Debug|x86.ActiveCfg = Debug|Any CPU
		{26E4F1C1-C3CD-D706-3B4E-BF9DA346E7A2}.Debug|x86.Build.0 = Debug|Any CPU
		{26E4F1C1-C3CD-D706-3B4E-BF9DA346E7A2}.Release|x64.ActiveCfg = Release|Any CPU
		{26E4F1C1-C3CD-D706-3B4E-BF9DA346E7A2}.Release|x64.Build.0 = Release|Any CPU
		{26E4F1C1-C3CD-D706-3B4E-BF9DA346E7A2}.Release|x86.ActiveCfg = Release|Any CPU
		{26E4F1C1-C3CD-D706-3B4E-BF9DA346E7A2}.Release|x86.Build.0 = Release|Any CPU
		{CA7A5877-4FBB-AD90-1C2C-0ADF5E8A9CDC}.Debug|x64.ActiveCfg = Debug|Any CPU
		{CA7A5877-4FBB-AD90-1C2C-0ADF5E8A9CDC}.Debug|x64.Build.0 = Debug|Any CPU
		{CA7A5877-4FBB-AD90-1C2C-0ADF5E8A9CDC}.Debug|x86.ActiveCfg = Debug|Any CPU
		{CA7A5877-4FBB-AD90-1C2C-0ADF5E8A9CDC}.Debug|x86.Build.0 = Debug|Any CPU
		{CA7A5877-4FBB-AD90-1C2C-0ADF5E8A9CDC}.Release|x64.ActiveCfg = Release|Any CPU
		{CA7A5877-4FBB-AD90-1C2C-0ADF5E8A9CDC}.Release|x64.Build.0 = Release|Any CPU
		{CA7A5877-4FBB-AD90-1C2C-0ADF5E8A9CDC}.Release|x86.ActiveCfg = Release|Any CPU
		{CA7A5877-4FBB-AD90-1C2C-0ADF5E8A9CDC}.Release|x86.Build.0 = Release|Any CPU
		{12E2B067-0C6C-ABD2-3B9B-BBAA06831973}.Debug|x64.ActiveCfg = Debug|Any CPU
		{12E2B067-0C6C-ABD2-3B9B-BBAA06831973}.Debug|x64.Build.0 = Debug|Any CPU
		{12E2B067-0C6C-ABD2-3B9B-BBAA06831973}.Debug|x86.ActiveCfg = Debug|Any CPU
		{12E2B067-0C6C-ABD2-3B9B-BBAA06831973}.Debug|x86.Build.0 = Debug|Any CPU
		{12E2B067-0C6C-ABD2-3B9B-BBAA06831973}.Release|x64.ActiveCfg = Release|Any CPU
		{12E2B067-0C6C-ABD2-3B9B-BBAA06831973}.Release|x64.Build.0 = Release|Any CPU
		{12E2B067-0C6C-ABD2-3B9B-BBAA06831973}.Release|x86.ActiveCfg = Release|Any CPU
		{12E2B067-0C6C-ABD2-3B9B-BBAA06831973}.Release|x86.Build.0 = Release|Any CPU
		{12140A84-1AC6-26F1-B404-6E2E74035344}.Debug|x64.ActiveCfg = Debug|Any CPU
		{12140A84-1AC6-26F1-B404-6E2E74035344}.Debug|x64.Build.0 = Debug|Any CPU
		{12140A84-1AC6-26F1-B404-6E2E74035344}.Debug|x86.ActiveCfg = Debug|Any CPU
		{12140A84-1AC6-26F1-B404-6E2E74035344}.Debug|x86.Build.0 = Debug|Any CPU
		{12140A84-1AC6-26F1-B404-6E2E74035344}.Release|x64.ActiveCfg = Release|Any CPU
		{12140A84-1AC6-26F1-B404-6E2E74035344}.Release|x64.Build.0 = Release|Any CPU
		{12140A84-1AC6-26F1-B404-6E2E74035344}.Release|x86.ActiveCfg = Release|Any CPU
		{12140A84-1AC6-26F1-B404-6E2E74035344}.Release|x86.Build.0 = Release|Any CPU
		{8CABFBE9-1742-7B45-FC5D-43BE32063B18}.Debug|x64.ActiveCfg = Debug|Any CPU
		{8CABFBE9-1742-7B45-FC5D-43BE32063B18}.Debug|x64.Build.0 = Debug|Any CPU
		{8CABFBE9-1742-7B45-FC5D-43BE32063B18}.Debug|x86.ActiveCfg = Debug|Any CPU
		{8CABFBE9-1742-7B45-FC5D-43BE32063B18}.Debug|x86.Build.0 = Debug|Any CPU
		{8CABFBE9-1742-7B45-FC5D-43BE32063B18}.Release|x64.ActiveCfg = Release|Any CPU
		{8CABFBE9-1742-7B45-FC5D-43BE32063B18}.Release|x64.Build.0 = Release|Any CPU
		{8CABFBE9-1742-7B45-FC5D-43BE32063B18}.Release|x86.ActiveCfg = Release|Any CPU
		{8CABFBE9-1742-7B45-FC5D-43BE32063B18}.Release|x86.Build.0 = Release|Any CPU
		{471048E1-CE7F-6CFF-9C87-7E809AB71456}.Debug|x64.ActiveCfg = Debug|Any CPU
		{471048E1-CE7F-6CFF-9C87-7E809AB71456}.Debug|x64.Build.0 = Debug|Any CPU
		{471048E1-CE7F-6CFF-9C87-7E809AB71456}.Debug|x86.ActiveCfg = Debug|Any CPU
		{471048E1-CE7F-6CFF-9C87-7E809AB71456}.Debug|x86.Build.0 = Debug|Any CPU
		{471048E1-CE7F-6CFF-9C87-7E809AB71456}.Release|x64.ActiveCfg = Release|Any CPU
		{471048E1-CE7F-6CFF-9C87-7E809AB71456}.Release|x64.Build.0 = Release|Any CPU
		{471048E1-CE7F-6CFF-9C87-7E809AB71456}.Release|x86.ActiveCfg = Release|Any CPU
		{471048E1-CE7F-6CFF-9C87-7E809AB71456}.Release|x86.Build.0 = Release|Any CPU
		{AC1AC2AC-3AC4-4AC5-AC6A-C7AC8AC9AC0A}.Debug|Any CPU.ActiveCfg = Debug|Any CPU
		{AC1AC2AC-3AC4-4AC5-AC6A-C7AC8AC9AC0A}.Debug|Any CPU.Build.0 = Debug|Any CPU
		{AC1AC2AC-3AC4-4AC5-AC6A-C7AC8AC9AC0A}.Debug|x64.ActiveCfg = Debug|Any CPU
		{AC1AC2AC-3AC4-4AC5-AC6A-C7AC8AC9AC0A}.Debug|x64.Build.0 = Debug|Any CPU
		{AC1AC2AC-3AC4-4AC5-AC6A-C7AC8AC9AC0A}.Debug|x86.ActiveCfg = Debug|Any CPU
		{AC1AC2AC-3AC4-4AC5-AC6A-C7AC8AC9AC0A}.Debug|x86.Build.0 = Debug|Any CPU
		{AC1AC2AC-3AC4-4AC5-AC6A-C7AC8AC9AC0A}.Release|Any CPU.ActiveCfg = Release|Any CPU
		{AC1AC2AC-3AC4-4AC5-AC6A-C7AC8AC9AC0A}.Release|Any CPU.Build.0 = Release|Any CPU
		{AC1AC2AC-3AC4-4AC5-AC6A-C7AC8AC9AC0A}.Release|x64.ActiveCfg = Release|Any CPU
		{AC1AC2AC-3AC4-4AC5-AC6A-C7AC8AC9AC0A}.Release|x64.Build.0 = Release|Any CPU
		{AC1AC2AC-3AC4-4AC5-AC6A-C7AC8AC9AC0A}.Release|x86.ActiveCfg = Release|Any CPU
		{AC1AC2AC-3AC4-4AC5-AC6A-C7AC8AC9AC0A}.Release|x86.Build.0 = Release|Any CPU
		{8F8F8F8F-8888-8888-8888-888888888881}.Debug|Any CPU.ActiveCfg = Debug|Any CPU
		{8F8F8F8F-8888-8888-8888-888888888881}.Debug|Any CPU.Build.0 = Debug|Any CPU
		{8F8F8F8F-8888-8888-8888-888888888881}.Debug|x64.ActiveCfg = Debug|Any CPU
		{8F8F8F8F-8888-8888-8888-888888888881}.Debug|x64.Build.0 = Debug|Any CPU
		{8F8F8F8F-8888-8888-8888-888888888881}.Debug|x86.ActiveCfg = Debug|Any CPU
		{8F8F8F8F-8888-8888-8888-888888888881}.Debug|x86.Build.0 = Debug|Any CPU
		{8F8F8F8F-8888-8888-8888-888888888881}.Release|Any CPU.ActiveCfg = Release|Any CPU
		{8F8F8F8F-8888-8888-8888-888888888881}.Release|Any CPU.Build.0 = Release|Any CPU
		{8F8F8F8F-8888-8888-8888-888888888881}.Release|x64.ActiveCfg = Release|Any CPU
		{8F8F8F8F-8888-8888-8888-888888888881}.Release|x64.Build.0 = Release|Any CPU
		{8F8F8F8F-8888-8888-8888-888888888881}.Release|x86.ActiveCfg = Release|Any CPU
		{8F8F8F8F-8888-8888-8888-888888888881}.Release|x86.Build.0 = Release|Any CPU
		{24EDB3CA-D87F-448D-A688-04F6D9F34492}.Debug|Any CPU.ActiveCfg = Debug|Any CPU
		{24EDB3CA-D87F-448D-A688-04F6D9F34492}.Debug|Any CPU.Build.0 = Debug|Any CPU
		{24EDB3CA-D87F-448D-A688-04F6D9F34492}.Debug|x64.ActiveCfg = Debug|Any CPU
		{24EDB3CA-D87F-448D-A688-04F6D9F34492}.Debug|x64.Build.0 = Debug|Any CPU
		{24EDB3CA-D87F-448D-A688-04F6D9F34492}.Debug|x86.ActiveCfg = Debug|Any CPU
		{24EDB3CA-D87F-448D-A688-04F6D9F34492}.Debug|x86.Build.0 = Debug|Any CPU
		{24EDB3CA-D87F-448D-A688-04F6D9F34492}.Release|Any CPU.ActiveCfg = Release|Any CPU
		{24EDB3CA-D87F-448D-A688-04F6D9F34492}.Release|Any CPU.Build.0 = Release|Any CPU
		{24EDB3CA-D87F-448D-A688-04F6D9F34492}.Release|x64.ActiveCfg = Release|Any CPU
		{24EDB3CA-D87F-448D-A688-04F6D9F34492}.Release|x64.Build.0 = Release|Any CPU
		{24EDB3CA-D87F-448D-A688-04F6D9F34492}.Release|x86.ActiveCfg = Release|Any CPU
		{24EDB3CA-D87F-448D-A688-04F6D9F34492}.Release|x86.Build.0 = Release|Any CPU
	EndGlobalSection
	GlobalSection(SolutionProperties) = preSolution
		HideSolutionNode = FALSE
	EndGlobalSection
	GlobalSection(NestedProjects) = preSolution
		{24EDB3CA-D87F-448D-A688-04F6D9F34492} = {4F52FD11-658E-A102-6CD3-7D7C16FFA15B}
	EndGlobalSection
EndGlobal
